
Microsoft Visual Studio Solution File, Format Version 12.00
# Visual Studio Version 17
VisualStudioVersion = 17.10.35013.160
MinimumVisualStudioVersion = 10.0.40219.1
Project("{9A19103F-16F7-4668-BE54-9A1E7A4F7556}") = "RestAPI", "RestAPI.csproj", "{B0CEE514-5BEF-40E6-B4E6-993C5F7AA88D}"
EndProject
Project("{FAE04EC0-301F-11D3-BF4B-00C04F79EFBC}") = "DateAccess", "..\DateAccess\DateAccess.csproj", "{02A0E602-CF3C-452D-9A0F-54B17C08822B}"
EndProject
Global
	GlobalSection(SolutionConfigurationPlatforms) = preSolution
		Debug|Any CPU = Debug|Any CPU
		Release|Any CPU = Release|Any CPU
	EndGlobalSection
	GlobalSection(ProjectConfigurationPlatforms) = postSolution
		{B0CEE514-5BEF-40E6-B4E6-993C5F7AA88D}.Debug|Any CPU.ActiveCfg = Debug|Any CPU
		{B0CEE514-5BEF-40E6-B4E6-993C5F7AA88D}.Debug|Any CPU.Build.0 = Debug|Any CPU
		{B0CEE514-5BEF-40E6-B4E6-993C5F7AA88D}.Release|Any CPU.ActiveCfg = Release|Any CPU
		{B0CEE514-5BEF-40E6-B4E6-993C5F7AA88D}.Release|Any CPU.Build.0 = Release|Any CPU
		{02A0E602-CF3C-452D-9A0F-54B17C08822B}.Debug|Any CPU.ActiveCfg = Debug|Any CPU
		{02A0E602-CF3C-452D-9A0F-54B17C08822B}.Debug|Any CPU.Build.0 = Debug|Any CPU
		{02A0E602-CF3C-452D-9A0F-54B17C08822B}.Release|Any CPU.ActiveCfg = Release|Any CPU
		{02A0E602-CF3C-452D-9A0F-54B17C08822B}.Release|Any CPU.Build.0 = Release|Any CPU
	EndGlobalSection
	GlobalSection(SolutionProperties) = preSolution
		HideSolutionNode = FALSE
	EndGlobalSection
	GlobalSection(ExtensibilityGlobals) = postSolution
		SolutionGuid = {6288E61E-30AD-4C21-954E-AF25C626AA89}
	EndGlobalSection
EndGlobal
